<Solution>
  <Project Path="Grab.Data.csproj" />
  <Project Path="spine-unity-editor.csproj" />
  <Project Path="UI.Runtime.csproj" />
  <Project Path="spine-csharp.csproj" />
  <Project Path="Assembly-CSharp.csproj" />
  <Project Path="spine-unity.csproj" />
  <Project Path="Results.Runtime.csproj" />
  <Project Path="Interactions.Runtime.csproj" />
  <Project Path="InteractionPlayerStart.Runtime.csproj" />
  <Project Path="InputMapManager.Runtime.csproj" />
  <Project Path="TransitionScene.Runtime.csproj" />
  <Project Path="Score.Runtime.csproj" />
  <Project Path="Assembly-CSharp-Editor.csproj" />
  <Project Path="Machine.Runtime.csproj" />
  <Project Path="Debug.Runtime.csproj" />
  <Project Path="Billboard.Runtime.csproj" />
  <Project Path="MovePlayer.Runtime.csproj" />
  <Project Path="Outline.Runtime.csproj" />
  <Project Path="Interactions.Data.csproj" />
  <Project Path="Projectiles.Runtime.csproj" />
  <Project Path="Spawner.Runtime.csproj" />
  <Project Path="Timer.Runtime.csproj" />
  <Project Path="StunSystem.Runtime.csproj" />
  <Project Path="ActiveRagdoll.Runtime.csproj" />
  <Project Path="ActiveRagdoll.Editor.csproj" />
  <Project Path="StructuredAssemblyCreator.Editor.csproj" />
  <Project Path="Grab.Runtime.csproj" />
  <Project Path="Round.Runtime.csproj" />
  <Project Path="Outline.Data.csproj" />
  <Project Path="Animals.Data.csproj" />
  <Project Path="ActionMap.csproj" />
  <Project Path="Lobby.Runtime.csproj" />
  <Project Path="Cleanup.Runtime.csproj" />
</Solution>
